
Microsoft Visual Studio Solution File, Format Version 12.00
# Visual Studio 15
VisualStudioVersion = 15.0.26730.16
MinimumVisualStudioVersion = 10.0.40219.1
Project("{FAE04EC0-301F-11D3-BF4B-00C04F79EFBC}") = "LoginManager", "LoginManager\LoginManager.csproj", "{90EA9FD1-0D9B-45D2-B389-8674BEC9A18D}"
EndProject
Project("{FAE04EC0-301F-11D3-BF4B-00C04F79EFBC}") = "DomainModels", "DomainModels\DomainModels.csproj", "{4CA4870A-B97D-450F-880C-9EDD644D3228}"
EndProject
Project("{FAE04EC0-301F-11D3-BF4B-00C04F79EFBC}") = "LoginExampleSimple", "LoginExampleSimple\LoginExampleSimple.csproj", "{92D4BAAB-485F-4C12-BD27-1885F782F2D3}"
EndProject
Project("{FAE04EC0-301F-11D3-BF4B-00C04F79EFBC}") = "LoginRepository", "LoginRepository\LoginRepository.csproj", "{7A399ED3-0E1C-4337-B761-9AD101551B4C}"
EndProject
Global
	GlobalSection(SolutionConfigurationPlatforms) = preSolution
		Debug|Any CPU = Debug|Any CPU
		Release|Any CPU = Release|Any CPU
	EndGlobalSection
	GlobalSection(ProjectConfigurationPlatforms) = postSolution
		{90EA9FD1-0D9B-45D2-B389-8674BEC9A18D}.Debug|Any CPU.ActiveCfg = Debug|Any CPU
		{90EA9FD1-0D9B-45D2-B389-8674BEC9A18D}.Debug|Any CPU.Build.0 = Debug|Any CPU
		{90EA9FD1-0D9B-45D2-B389-8674BEC9A18D}.Release|Any CPU.ActiveCfg = Release|Any CPU
		{90EA9FD1-0D9B-45D2-B389-8674BEC9A18D}.Release|Any CPU.Build.0 = Release|Any CPU
		{4CA4870A-B97D-450F-880C-9EDD644D3228}.Debug|Any CPU.ActiveCfg = Debug|Any CPU
		{4CA4870A-B97D-450F-880C-9EDD644D3228}.Debug|Any CPU.Build.0 = Debug|Any CPU
		{4CA4870A-B97D-450F-880C-9EDD644D3228}.Release|Any CPU.ActiveCfg = Release|Any CPU
		{4CA4870A-B97D-450F-880C-9EDD644D3228}.Release|Any CPU.Build.0 = Release|Any CPU
		{92D4BAAB-485F-4C12-BD27-1885F782F2D3}.Debug|Any CPU.ActiveCfg = Debug|Any CPU
		{92D4BAAB-485F-4C12-BD27-1885F782F2D3}.Debug|Any CPU.Build.0 = Debug|Any CPU
		{92D4BAAB-485F-4C12-BD27-1885F782F2D3}.Release|Any CPU.ActiveCfg = Release|Any CPU
		{92D4BAAB-485F-4C12-BD27-1885F782F2D3}.Release|Any CPU.Build.0 = Release|Any CPU
		{7A399ED3-0E1C-4337-B761-9AD101551B4C}.Debug|Any CPU.ActiveCfg = Debug|Any CPU
		{7A399ED3-0E1C-4337-B761-9AD101551B4C}.Debug|Any CPU.Build.0 = Debug|Any CPU
		{7A399ED3-0E1C-4337-B761-9AD101551B4C}.Release|Any CPU.ActiveCfg = Release|Any CPU
		{7A399ED3-0E1C-4337-B761-9AD101551B4C}.Release|Any CPU.Build.0 = Release|Any CPU
	EndGlobalSection
	GlobalSection(SolutionProperties) = preSolution
		HideSolutionNode = FALSE
	EndGlobalSection
	GlobalSection(ExtensibilityGlobals) = postSolution
		SolutionGuid = {DF20EE01-EEFF-4072-B19F-8F6E651F4838}
	EndGlobalSection
EndGlobal
